// !$*UTF8*$!
{
	archiveVersion = 1;
	classes = {
	};
	objectVersion = 50;
	objects = {

/* Begin PBXBuildFile section */
		9F2DD6E121DB70490072C3A0 /* AppDelegate.m in Sources */ = {isa = PBXBuildFile; fileRef = 9F2DD6E021DB70490072C3A0 /* AppDelegate.m */; };
		9F2DD6E421DB70490072C3A0 /* ViewController.m in Sources */ = {isa = PBXBuildFile; fileRef = 9F2DD6E321DB70490072C3A0 /* ViewController.m */; };
		9F2DD6E721DB70490072C3A0 /* Main.storyboard in Resources */ = {isa = PBXBuildFile; fileRef = 9F2DD6E521DB70490072C3A0 /* Main.storyboard */; };
		9F2DD6E921DB70550072C3A0 /* Assets.xcassets in Resources */ = {isa = PBXBuildFile; fileRef = 9F2DD6E821DB70550072C3A0 /* Assets.xcassets */; };
		9F2DD6EC21DB70550072C3A0 /* LaunchScreen.storyboard in Resources */ = {isa = PBXBuildFile; fileRef = 9F2DD6EA21DB70550072C3A0 /* LaunchScreen.storyboard */; };
		9F2DD6EF21DB70550072C3A0 /* main.m in Sources */ = {isa = PBXBuildFile; fileRef = 9F2DD6EE21DB70550072C3A0 /* main.m */; };
		9F2DD6F721DB9DC90072C3A0 /* CustomTabbar.m in Sources */ = {isa = PBXBuildFile; fileRef = 9F2DD6F621DB9DC90072C3A0 /* CustomTabbar.m */; };
		AEB3597B30B1DCE4A2AE9F9E /* libPods-CustomTabbar.a in Frameworks */ = {isa = PBXBuildFile; fileRef = 375AF80F695A09276EEAFA37 /* libPods-CustomTabbar.a */; };
/* End PBXBuildFile section */

/* Begin PBXFileReference section */
		07ECED595E948A11937DE10A /* Pods-CustomTabbar.debug.xcconfig */ = {isa = PBXFileReference; includeInIndex = 1; lastKnownFileType = text.xcconfig; name = "Pods-CustomTabbar.debug.xcconfig"; path = "Pods/Target Support Files/Pods-CustomTabbar/Pods-CustomTabbar.debug.xcconfig"; sourceTree = "<group>"; };
		375AF80F695A09276EEAFA37 /* libPods-CustomTabbar.a */ = {isa = PBXFileReference; explicitFileType = archive.ar; includeInIndex = 0; path = "libPods-CustomTabbar.a"; sourceTree = BUILT_PRODUCTS_DIR; };
		67B96CEF8D0D696C7677174A /* Pods-CustomTabbar.release.xcconfig */ = {isa = PBXFileReference; includeInIndex = 1; lastKnownFileType = text.xcconfig; name = "Pods-CustomTabbar.release.xcconfig"; path = "Pods/Target Support Files/Pods-CustomTabbar/Pods-CustomTabbar.release.xcconfig"; sourceTree = "<group>"; };
		9F2DD6DC21DB70490072C3A0 /* CustomTabbar.app */ = {isa = PBXFileReference; explicitFileType = wrapper.application; includeInIndex = 0; path = CustomTabbar.app; sourceTree = BUILT_PRODUCTS_DIR; };
		9F2DD6DF21DB70490072C3A0 /* AppDelegate.h */ = {isa = PBXFileReference; lastKnownFileType = sourcecode.c.h; path = AppDelegate.h; sourceTree = "<group>"; };
		9F2DD6E021DB70490072C3A0 /* AppDelegate.m */ = {isa = PBXFileReference; lastKnownFileType = sourcecode.c.objc; path = AppDelegate.m; sourceTree = "<group>"; };
		9F2DD6E221DB70490072C3A0 /* ViewController.h */ = {isa = PBXFileReference; lastKnownFileType = sourcecode.c.h; path = ViewController.h; sourceTree = "<group>"; };
		9F2DD6E321DB70490072C3A0 /* ViewController.m */ = {isa = PBXFileReference; lastKnownFileType = sourcecode.c.objc; path = ViewController.m; sourceTree = "<group>"; };
		9F2DD6E621DB70490072C3A0 /* Base */ = {isa = PBXFileReference; lastKnownFileType = file.storyboard; name = Base; path = Base.lproj/Main.storyboard; sourceTree = "<group>"; };
		9F2DD6E821DB70550072C3A0 /* Assets.xcassets */ = {isa = PBXFileReference; lastKnownFileType = folder.assetcatalog; path = Assets.xcassets; sourceTree = "<group>"; };
		9F2DD6EB21DB70550072C3A0 /* Base */ = {isa = PBXFileReference; lastKnownFileType = file.storyboard; name = Base; path = Base.lproj/LaunchScreen.storyboard; sourceTree = "<group>"; };
		9F2DD6ED21DB70550072C3A0 /* Info.plist */ = {isa = PBXFileReference; lastKnownFileType = text.plist.xml; path = Info.plist; sourceTree = "<group>"; };
		9F2DD6EE21DB70550072C3A0 /* main.m */ = {isa = PBXFileReference; lastKnownFileType = sourcecode.c.objc; path = main.m; sourceTree = "<group>"; };
		9F2DD6F521DB9DC90072C3A0 /* CustomTabbar.h */ = {isa = PBXFileReference; lastKnownFileType = sourcecode.c.h; path = CustomTabbar.h; sourceTree = "<group>"; };
		9F2DD6F621DB9DC90072C3A0 /* CustomTabbar.m */ = {isa = PBXFileReference; lastKnownFileType = sourcecode.c.objc; path = CustomTabbar.m; sourceTree = "<group>"; };
/* End PBXFileReference section */

/* Begin PBXFrameworksBuildPhase section */
		9F2DD6D921DB70490072C3A0 /* Frameworks */ = {
			isa = PBXFrameworksBuildPhase;
			buildActionMask = 2147483647;
			files = (
				AEB3597B30B1DCE4A2AE9F9E /* libPods-CustomTabbar.a in Frameworks */,
			);
			runOnlyForDeploymentPostprocessing = 0;
		};
/* End PBXFrameworksBuildPhase section */

/* Begin PBXGroup section */
		1DC2393A30B91DCDC700E503 /* Frameworks */ = {
			isa = PBXGroup;
			children = (
				375AF80F695A09276EEAFA37 /* libPods-CustomTabbar.a */,
			);
			name = Frameworks;
			sourceTree = "<group>";
		};
		9F2DD6D321DB70490072C3A0 = {
			isa = PBXGroup;
			children = (
				9F2DD6DE21DB70490072C3A0 /* CustomTabbar */,
				9F2DD6DD21DB70490072C3A0 /* Products */,
				BF1E44DA63A1BE36B83DB0B7 /* Pods */,
				1DC2393A30B91DCDC700E503 /* Frameworks */,
			);
			sourceTree = "<group>";
		};
		9F2DD6DD21DB70490072C3A0 /* Products */ = {
			isa = PBXGroup;
			children = (
				9F2DD6DC21DB70490072C3A0 /* CustomTabbar.app */,
			);
			name = Products;
			sourceTree = "<group>";
		};
		9F2DD6DE21DB70490072C3A0 /* CustomTabbar */ = {
			isa = PBXGroup;
			children = (
				9F2DD6DF21DB70490072C3A0 /* AppDelegate.h */,
				9F2DD6E021DB70490072C3A0 /* AppDelegate.m */,
				9F2DD6F521DB9DC90072C3A0 /* CustomTabbar.h */,
				9F2DD6F621DB9DC90072C3A0 /* CustomTabbar.m */,
				9F2DD6E221DB70490072C3A0 /* ViewController.h */,
				9F2DD6E321DB70490072C3A0 /* ViewController.m */,
				9F2DD6E521DB70490072C3A0 /* Main.storyboard */,
				9F2DD6E821DB70550072C3A0 /* Assets.xcassets */,
				9F2DD6EA21DB70550072C3A0 /* LaunchScreen.storyboard */,
				9F2DD6ED21DB70550072C3A0 /* Info.plist */,
				9F2DD6EE21DB70550072C3A0 /* main.m */,
			);
			path = CustomTabbar;
			sourceTree = "<group>";
		};
		BF1E44DA63A1BE36B83DB0B7 /* Pods */ = {
			isa = PBXGroup;
			children = (
				07ECED595E948A11937DE10A /* Pods-CustomTabbar.debug.xcconfig */,
				67B96CEF8D0D696C7677174A /* Pods-CustomTabbar.release.xcconfig */,
			);
			name = Pods;
			sourceTree = "<group>";
		};
/* End PBXGroup section */

/* Begin PBXNativeTarget section */
		9F2DD6DB21DB70490072C3A0 /* CustomTabbar */ = {
			isa = PBXNativeTarget;
			buildConfigurationList = 9F2DD6F221DB70550072C3A0 /* Build configuration list for PBXNativeTarget "CustomTabbar" */;
			buildPhases = (
				3B36FE551D80FDE889A8B564 /* [CP] Check Pods Manifest.lock */,
				9F2DD6D821DB70490072C3A0 /* Sources */,
				9F2DD6D921DB70490072C3A0 /* Frameworks */,
				9F2DD6DA21DB70490072C3A0 /* Resources */,
			);
			buildRules = (
			);
			dependencies = (
			);
			name = CustomTabbar;
			productName = CustomTabbar;
			productReference = 9F2DD6DC21DB70490072C3A0 /* CustomTabbar.app */;
			productType = "com.apple.product-type.application";
		};
/* End PBXNativeTarget section */

/* Begin PBXProject section */
		9F2DD6D421DB70490072C3A0 /* Project object */ = {
			isa = PBXProject;
			attributes = {
				LastUpgradeCheck = 1000;
				ORGANIZATIONNAME = Interview;
				TargetAttributes = {
					9F2DD6DB21DB70490072C3A0 = {
						CreatedOnToolsVersion = 10.0;
					};
				};
			};
			buildConfigurationList = 9F2DD6D721DB70490072C3A0 /* Build configuration list for PBXProject "CustomTabbar" */;
			compatibilityVersion = "Xcode 9.3";
			developmentRegion = en;
			hasScannedForEncodings = 0;
			knownRegions = (
				en,
				Base,
			);
			mainGroup = 9F2DD6D321DB70490072C3A0;
			productRefGroup = 9F2DD6DD21DB70490072C3A0 /* Products */;
			projectDirPath = "";
			projectRoot = "";
			targets = (
				9F2DD6DB21DB70490072C3A0 /* CustomTabbar */,
			);
		};
/* End PBXProject section */

/* Begin PBXResourcesBuildPhase section */
		9F2DD6DA21DB70490072C3A0 /* Resources */ = {
			isa = PBXResourcesBuildPhase;
			buildActionMask = 2147483647;
			files = (
				9F2DD6EC21DB70550072C3A0 /* LaunchScreen.storyboard in Resources */,
				9F2DD6E921DB70550072C3A0 /* Assets.xcassets in Resources */,
				9F2DD6E721DB70490072C3A0 /* Main.storyboard in Resources */,
			);
			runOnlyForDeploymentPostprocessing = 0;
		};
/* End PBXResourcesBuildPhase section */

/* Begin PBXShellScriptBuildPhase section */
		3B36FE551D80FDE889A8B564 /* [CP] Check Pods Manifest.lock */ = {
			isa = PBXShellScriptBuildPhase;
			buildActionMask = 2147483647;
			files = (
			);
			inputFileListPaths = (
			);
			inputPaths = (
				"${PODS_PODFILE_DIR_PATH}/Podfile.lock",
				"${PODS_ROOT}/Manifest.lock",
			);
			name = "[CP] Check Pods Manifest.lock";
			outputFileListPaths = (
			);
			outputPaths = (
				"$(DERIVED_FILE_DIR)/Pods-CustomTabbar-checkManifestLockResult.txt",
			);
			runOnlyForDeploymentPostprocessing = 0;
			shellPath = /bin/sh;
			shellScript = "diff \"${PODS_PODFILE_DIR_PATH}/Podfile.lock\" \"${PODS_ROOT}/Manifest.lock\" > /dev/null\nif [ $? != 0 ] ; then\n    # print error to STDERR\n    echo \"error: The sandbox is not in sync with the Podfile.lock. Run 'pod install' or update your CocoaPods installation.\" >&2\n    exit 1\nfi\n# This output is used by Xcode 'outputs' to avoid re-running this script phase.\necho \"SUCCESS\" > \"${SCRIPT_OUTPUT_FILE_0}\"\n";
			showEnvVarsInLog = 0;
		};
/* End PBXShellScriptBuildPhase section */

/* Begin PBXSourcesBuildPhase section */
		9F2DD6D821DB70490072C3A0 /* Sources */ = {
			isa = PBXSourcesBuildPhase;
			buildActionMask = 2147483647;
			files = (
				9F2DD6F721DB9DC90072C3A0 /* CustomTabbar.m in Sources */,
				9F2DD6E421DB70490072C3A0 /* ViewController.m in Sources */,
				9F2DD6EF21DB70550072C3A0 /* main.m in Sources */,
				9F2DD6E121DB70490072C3A0 /* AppDelegate.m in Sources */,
			);
			runOnlyForDeploymentPostprocessing = 0;
		};
/* End PBXSourcesBuildPhase section */

/* Begin PBXVariantGroup section */
		9F2DD6E521DB70490072C3A0 /* Main.storyboard */ = {
			isa = PBXVariantGroup;
			children = (
				9F2DD6E621DB70490072C3A0 /* Base */,
			);
			name = Main.storyboard;
			sourceTree = "<group>";
		};
		9F2DD6EA21DB70550072C3A0 /* LaunchScreen.storyboard */ = {
			isa = PBXVariantGroup;
			children = (
				9F2DD6EB21DB70550072C3A0 /* Base */,
			);
			name = LaunchScreen.storyboard;
			sourceTree = "<group>";
		};
/* End PBXVariantGroup section */

/* Begin XCBuildConfiguration section */
		9F2DD6F021DB70550072C3A0 /* Debug */ = {
			isa = XCBuildConfiguration;
			buildSettings = {
				ALWAYS_SEARCH_USER_PATHS = NO;
				CLANG_ANALYZER_NONNULL = YES;
				CLANG_ANALYZER_NUMBER_OBJECT_CONVERSION = YES_AGGRESSIVE;
				CLANG_CXX_LANGUAGE_STANDARD = "gnu++14";
				CLANG_CXX_LIBRARY = "libc++";
				CLANG_ENABLE_MODULES = YES;
				CLANG_ENABLE_OBJC_ARC = YES;
				CLANG_ENABLE_OBJC_WEAK = YES;
				CLANG_WARN_BLOCK_CAPTURE_AUTORELEASING = YES;
				CLANG_WARN_BOOL_CONVERSION = YES;
				CLANG_WARN_COMMA = YES;
				CLANG_WARN_CONSTANT_CONVERSION = YES;
				CLANG_WARN_DEPRECATED_OBJC_IMPLEMENTATIONS = YES;
				CLANG_WARN_DIRECT_OBJC_ISA_USAGE = YES_ERROR;
				CLANG_WARN_DOCUMENTATION_COMMENTS = YES;
				CLANG_WARN_EMPTY_BODY = YES;
				CLANG_WARN_ENUM_CONVERSION = YES;
				CLANG_WARN_INFINITE_RECURSION = YES;
				CLANG_WARN_INT_CONVERSION = YES;
				CLANG_WARN_NON_LITERAL_NULL_CONVERSION = YES;
				CLANG_WARN_OBJC_IMPLICIT_RETAIN_SELF = YES;
				CLANG_WARN_OBJC_LITERAL_CONVERSION = YES;
				CLANG_WARN_OBJC_ROOT_CLASS = YES_ERROR;
				CLANG_WARN_RANGE_LOOP_ANALYSIS = YES;
				CLANG_WARN_STRICT_PROTOTYPES = YES;
				CLANG_WARN_SUSPICIOUS_MOVE = YES;
				CLANG_WARN_UNGUARDED_AVAILABILITY = YES_AGGRESSIVE;
				CLANG_WARN_UNREACHABLE_CODE = YES;
				CLANG_WARN__DUPLICATE_METHOD_MATCH = YES;
				CODE_SIGN_IDENTITY = "iPhone Developer";
				COPY_PHASE_STRIP = NO;
				DEBUG_INFORMATION_FORMAT = dwarf;
				ENABLE_STRICT_OBJC_MSGSEND = YES;
				ENABLE_TESTABILITY = YES;
				GCC_C_LANGUAGE_STANDARD = gnu11;
				GCC_DYNAMIC_NO_PIC = NO;
				GCC_NO_COMMON_BLOCKS = YES;
				GCC_OPTIMIZATION_LEVEL = 0;
				GCC_PREPROCESSOR_DEFINITIONS = (
					"DEBUG=1",
					"$(inherited)",
				);
				GCC_WARN_64_TO_32_BIT_CONVERSION = YES;
				GCC_WARN_ABOUT_RETURN_TYPE = YES_ERROR;
				GCC_WARN_UNDECLARED_SELECTOR = YES;
				GCC_WARN_UNINITIALIZED_AUTOS = YES_AGGRESSIVE;
				GCC_WARN_UNUSED_FUNCTION = YES;
				GCC_WARN_UNUSED_VARIABLE = YES;
				IPHONEOS_DEPLOYMENT_TARGET = 12.0;
				MTL_ENABLE_DEBUG_INFO = INCLUDE_SOURCE;
				MTL_FAST_MATH = YES;
				ONLY_ACTIVE_ARCH = YES;
				SDKROOT = iphoneos;
			};
			name = Debug;
		};
		9F2DD6F121DB70550072C3A0 /* Release */ = {
			isa = XCBuildConfiguration;
			buildSettings = {
				ALWAYS_SEARCH_USER_PATHS = NO;
				CLANG_ANALYZER_NONNULL = YES;
				CLANG_ANALYZER_NUMBER_OBJECT_CONVERSION = YES_AGGRESSIVE;
				CLANG_CXX_LANGUAGE_STANDARD = "gnu++14";
				CLANG_CXX_LIBRARY = "libc++";
				CLANG_ENABLE_MODULES = YES;
				CLANG_ENABLE_OBJC_ARC = YES;
				CLANG_ENABLE_OBJC_WEAK = YES;
				CLANG_WARN_BLOCK_CAPTURE_AUTORELEASING = YES;
				CLANG_WARN_BOOL_CONVERSION = YES;
				CLANG_WARN_COMMA = YES;
				CLANG_WARN_CONSTANT_CONVERSION = YES;
				CLANG_WARN_DEPRECATED_OBJC_IMPLEMENTATIONS = YES;
				CLANG_WARN_DIRECT_OBJC_ISA_USAGE = YES_ERROR;
				CLANG_WARN_DOCUMENTATION_COMMENTS = YES;
				CLANG_WARN_EMPTY_BODY = YES;
				CLANG_WARN_ENUM_CONVERSION = YES;
				CLANG_WARN_INFINITE_RECURSION = YES;
				CLANG_WARN_INT_CONVERSION = YES;
				CLANG_WARN_NON_LITERAL_NULL_CONVERSION = YES;
				CLANG_WARN_OBJC_IMPLICIT_RETAIN_SELF = YES;
				CLANG_WARN_OBJC_LITERAL_CONVERSION = YES;
				CLANG_WARN_OBJC_ROOT_CLASS = YES_ERROR;
				CLANG_WARN_RANGE_LOOP_ANALYSIS = YES;
				CLANG_WARN_STRICT_PROTOTYPES = YES;
				CLANG_WARN_SUSPICIOUS_MOVE = YES;
				CLANG_WARN_UNGUARDED_AVAILABILITY = YES_AGGRESSIVE;
				CLANG_WARN_UNREACHABLE_CODE = YES;
				CLANG_WARN__DUPLICATE_METHOD_MATCH = YES;
				CODE_SIGN_IDENTITY = "iPhone Developer";
				COPY_PHASE_STRIP = NO;
				DEBUG_INFORMATION_FORMAT = "dwarf-with-dsym";
				ENABLE_NS_ASSERTIONS = NO;
				ENABLE_STRICT_OBJC_MSGSEND = YES;
				GCC_C_LANGUAGE_STANDARD = gnu11;
				GCC_NO_COMMON_BLOCKS = YES;
				GCC_WARN_64_TO_32_BIT_CONVERSION = YES;
				GCC_WARN_ABOUT_RETURN_TYPE = YES_ERROR;
				GCC_WARN_UNDECLARED_SELECTOR = YES;
				GCC_WARN_UNINITIALIZED_AUTOS = YES_AGGRESSIVE;
				GCC_WARN_UNUSED_FUNCTION = YES;
				GCC_WARN_UNUSED_VARIABLE = YES;
				IPHONEOS_DEPLOYMENT_TARGET = 12.0;
				MTL_ENABLE_DEBUG_INFO = NO;
				MTL_FAST_MATH = YES;
				SDKROOT = iphoneos;
				VALIDATE_PRODUCT = YES;
			};
			name = Release;
		};
		9F2DD6F321DB70550072C3A0 /* Debug */ = {
			isa = XCBuildConfiguration;
			baseConfigurationReference = 07ECED595E948A11937DE10A /* Pods-CustomTabbar.debug.xcconfig */;
			buildSettings = {
				ASSETCATALOG_COMPILER_APPICON_NAME = AppIcon;
				CODE_SIGN_STYLE = Automatic;
				DEVELOPMENT_TEAM = VFJWVL5A6L;
				ENABLE_BITCODE = NO;
				INFOPLIST_FILE = CustomTabbar/Info.plist;
				IPHONEOS_DEPLOYMENT_TARGET = 9.0;
				LD_RUNPATH_SEARCH_PATHS = (
					"$(inherited)",
					"@executable_path/Frameworks",
				);
				ONLY_ACTIVE_ARCH = YES;
				PRODUCT_BUNDLE_IDENTIFIER = com.yinglink.ccccc.CustomTabbar;
				PRODUCT_NAME = "$(TARGET_NAME)";
				TARGETED_DEVICE_FAMILY = "1,2";
			};
			name = Debug;
		};
		9F2DD6F421DB70550072C3A0 /* Release */ = {
			isa = XCBuildConfiguration;
			baseConfigurationReference = 67B96CEF8D0D696C7677174A /* Pods-CustomTabbar.release.xcconfig */;
			buildSettings = {
				ASSETCATALOG_COMPILER_APPICON_NAME = AppIcon;
				CODE_SIGN_STYLE = Automatic;
				DEVELOPMENT_TEAM = VFJWVL5A6L;
				ENABLE_BITCODE = NO;
				INFOPLIST_FILE = CustomTabbar/Info.plist;
				IPHONEOS_DEPLOYMENT_TARGET = 9.0;
				LD_RUNPATH_SEARCH_PATHS = (
					"$(inherited)",
					"@executable_path/Frameworks",
				);
				ONLY_ACTIVE_ARCH = NO;
				PRODUCT_BUNDLE_IDENTIFIER = com.yinglink.ccccc.CustomTabbar;
				PRODUCT_NAME = "$(TARGET_NAME)";
				TARGETED_DEVICE_FAMILY = "1,2";
			};
			name = Release;
		};
/* End XCBuildConfiguration section */

/* Begin XCConfigurationList section */
		9F2DD6D721DB70490072C3A0 /* Build configuration list for PBXProject "CustomTabbar" */ = {
			isa = XCConfigurationList;
			buildConfigurations = (
				9F2DD6F021DB70550072C3A0 /* Debug */,
				9F2DD6F121DB70550072C3A0 /* Release */,
			);
			defaultConfigurationIsVisible = 0;
			defaultConfigurationName = Release;
		};
		9F2DD6F221DB70550072C3A0 /* Build configuration list for PBXNativeTarget "CustomTabbar" */ = {
			isa = XCConfigurationList;
			buildConfigurations = (
				9F2DD6F321DB70550072C3A0 /* Debug */,
				9F2DD6F421DB70550072C3A0 /* Release */,
			);
			defaultConfigurationIsVisible = 0;
			defaultConfigurationName = Release;
		};
/* End XCConfigurationList section */
	};
	rootObject = 9F2DD6D421DB70490072C3A0 /* Project object */;
}
